// !$*UTF8*$!
{
	archiveVersion = 1;
	classes = {
	};
	objectVersion = 55;
	objects = {

/* Begin PBXBuildFile section */
		F3E25DAD286787880045CBD5 /* AppDelegate.swift in Sources */ = {isa = PBXBuildFile; fileRef = F3E25DAC286787880045CBD5 /* AppDelegate.swift */; };
		F3E25DAF286787880045CBD5 /* SceneDelegate.swift in Sources */ = {isa = PBXBuildFile; fileRef = F3E25DAE286787880045CBD5 /* SceneDelegate.swift */; };
		F3E25DB1286787880045CBD5 /* ViewController.swift in Sources */ = {isa = PBXBuildFile; fileRef = F3E25DB0286787880045CBD5 /* ViewController.swift */; };
		F3E25DB4286787880045CBD5 /* Main.storyboard in Resources */ = {isa = PBXBuildFile; fileRef = F3E25DB2286787880045CBD5 /* Main.storyboard */; };
		F3E25DB62867878A0045CBD5 /* Assets.xcassets in Resources */ = {isa = PBXBuildFile; fileRef = F3E25DB52867878A0045CBD5 /* Assets.xcassets */; };
		F3E25DB92867878A0045CBD5 /* LaunchScreen.storyboard in Resources */ = {isa = PBXBuildFile; fileRef = F3E25DB72867878A0045CBD5 /* LaunchScreen.storyboard */; };
		F3E25DC42867878A0045CBD5 /* IMCTests.swift in Sources */ = {isa = PBXBuildFile; fileRef = F3E25DC32867878A0045CBD5 /* IMCTests.swift */; };
		F3E25DCE2867878A0045CBD5 /* IMCUITests.swift in Sources */ = {isa = PBXBuildFile; fileRef = F3E25DCD2867878A0045CBD5 /* IMCUITests.swift */; };
		F3E25DD02867878A0045CBD5 /* IMCUITestsLaunchTests.swift in Sources */ = {isa = PBXBuildFile; fileRef = F3E25DCF2867878A0045CBD5 /* IMCUITestsLaunchTests.swift */; };
/* End PBXBuildFile section */

/* Begin PBXContainerItemProxy section */
		F3E25DC02867878A0045CBD5 /* PBXContainerItemProxy */ = {
			isa = PBXContainerItemProxy;
			containerPortal = F3E25DA1286787880045CBD5 /* Project object */;
			proxyType = 1;
			remoteGlobalIDString = F3E25DA8286787880045CBD5;
			remoteInfo = IMC;
		};
		F3E25DCA2867878A0045CBD5 /* PBXContainerItemProxy */ = {
			isa = PBXContainerItemProxy;
			containerPortal = F3E25DA1286787880045CBD5 /* Project object */;
			proxyType = 1;
			remoteGlobalIDString = F3E25DA8286787880045CBD5;
			remoteInfo = IMC;
		};
/* End PBXContainerItemProxy section */

/* Begin PBXFileReference section */
		F3E25DA9286787880045CBD5 /* IMC.app */ = {isa = PBXFileReference; explicitFileType = wrapper.application; includeInIndex = 0; path = IMC.app; sourceTree = BUILT_PRODUCTS_DIR; };
		F3E25DAC286787880045CBD5 /* AppDelegate.swift */ = {isa = PBXFileReference; lastKnownFileType = sourcecode.swift; path = AppDelegate.swift; sourceTree = "<group>"; };
		F3E25DAE286787880045CBD5 /* SceneDelegate.swift */ = {isa = PBXFileReference; lastKnownFileType = sourcecode.swift; path = SceneDelegate.swift; sourceTree = "<group>"; };
		F3E25DB0286787880045CBD5 /* ViewController.swift */ = {isa = PBXFileReference; lastKnownFileType = sourcecode.swift; path = ViewController.swift; sourceTree = "<group>"; };
		F3E25DB3286787880045CBD5 /* Base */ = {isa = PBXFileReference; lastKnownFileType = file.storyboard; name = Base; path = Base.lproj/Main.storyboard; sourceTree = "<group>"; };
		F3E25DB52867878A0045CBD5 /* Assets.xcassets */ = {isa = PBXFileReference; lastKnownFileType = folder.assetcatalog; path = Assets.xcassets; sourceTree = "<group>"; };
		F3E25DB82867878A0045CBD5 /* Base */ = {isa = PBXFileReference; lastKnownFileType = file.storyboard; name = Base; path = Base.lproj/LaunchScreen.storyboard; sourceTree = "<group>"; };
		F3E25DBA2867878A0045CBD5 /* Info.plist */ = {isa = PBXFileReference; lastKnownFileType = text.plist.xml; path = Info.plist; sourceTree = "<group>"; };
		F3E25DBF2867878A0045CBD5 /* IMCTests.xctest */ = {isa = PBXFileReference; explicitFileType = wrapper.cfbundle; includeInIndex = 0; path = IMCTests.xctest; sourceTree = BUILT_PRODUCTS_DIR; };
		F3E25DC32867878A0045CBD5 /* IMCTests.swift */ = {isa = PBXFileReference; lastKnownFileType = sourcecode.swift; path = IMCTests.swift; sourceTree = "<group>"; };
		F3E25DC92867878A0045CBD5 /* IMCUITests.xctest */ = {isa = PBXFileReference; explicitFileType = wrapper.cfbundle; includeInIndex = 0; path = IMCUITests.xctest; sourceTree = BUILT_PRODUCTS_DIR; };
		F3E25DCD2867878A0045CBD5 /* IMCUITests.swift */ = {isa = PBXFileReference; lastKnownFileType = sourcecode.swift; path = IMCUITests.swift; sourceTree = "<group>"; };
		F3E25DCF2867878A0045CBD5 /* IMCUITestsLaunchTests.swift */ = {isa = PBXFileReference; lastKnownFileType = sourcecode.swift; path = IMCUITestsLaunchTests.swift; sourceTree = "<group>"; };
/* End PBXFileReference section */

/* Begin PBXFrameworksBuildPhase section */
		F3E25DA6286787880045CBD5 /* Frameworks */ = {
			isa = PBXFrameworksBuildPhase;
			buildActionMask = 2147483647;
			files = (
			);
			runOnlyForDeploymentPostprocessing = 0;
		};
		F3E25DBC2867878A0045CBD5 /* Frameworks */ = {
			isa = PBXFrameworksBuildPhase;
			buildActionMask = 2147483647;
			files = (
			);
			runOnlyForDeploymentPostprocessing = 0;
		};
		F3E25DC62867878A0045CBD5 /* Frameworks */ = {
			isa = PBXFrameworksBuildPhase;
			buildActionMask = 2147483647;
			files = (
			);
			runOnlyForDeploymentPostprocessing = 0;
		};
/* End PBXFrameworksBuildPhase section */

/* Begin PBXGroup section */
		F3E25DA0286787880045CBD5 = {
			isa = PBXGroup;
			children = (
				F3E25DAB286787880045CBD5 /* IMC */,
				F3E25DC22867878A0045CBD5 /* IMCTests */,
				F3E25DCC2867878A0045CBD5 /* IMCUITests */,
				F3E25DAA286787880045CBD5 /* Products */,
			);
			sourceTree = "<group>";
		};
		F3E25DAA286787880045CBD5 /* Products */ = {
			isa = PBXGroup;
			children = (
				F3E25DA9286787880045CBD5 /* IMC.app */,
				F3E25DBF2867878A0045CBD5 /* IMCTests.xctest */,
				F3E25DC92867878A0045CBD5 /* IMCUITests.xctest */,
			);
			name = Products;
			sourceTree = "<group>";
		};
		F3E25DAB286787880045CBD5 /* IMC */ = {
			isa = PBXGroup;
			children = (
				F3E25DAC286787880045CBD5 /* AppDelegate.swift */,
				F3E25DAE286787880045CBD5 /* SceneDelegate.swift */,
				F3E25DB0286787880045CBD5 /* ViewController.swift */,
				F3E25DB2286787880045CBD5 /* Main.storyboard */,
				F3E25DB52867878A0045CBD5 /* Assets.xcassets */,
				F3E25DB72867878A0045CBD5 /* LaunchScreen.storyboard */,
				F3E25DBA2867878A0045CBD5 /* Info.plist */,
			);
			path = IMC;
			sourceTree = "<group>";
		};
		F3E25DC22867878A0045CBD5 /* IMCTests */ = {
			isa = PBXGroup;
			children = (
				F3E25DC32867878A0045CBD5 /* IMCTests.swift */,
			);
			path = IMCTests;
			sourceTree = "<group>";
		};
		F3E25DCC2867878A0045CBD5 /* IMCUITests */ = {
			isa = PBXGroup;
			children = (
				F3E25DCD2867878A0045CBD5 /* IMCUITests.swift */,
				F3E25DCF2867878A0045CBD5 /* IMCUITestsLaunchTests.swift */,
			);
			path = IMCUITests;
			sourceTree = "<group>";
		};
/* End PBXGroup section */

/* Begin PBXNativeTarget section */
		F3E25DA8286787880045CBD5 /* IMC */ = {
			isa = PBXNativeTarget;
			buildConfigurationList = F3E25DD32867878A0045CBD5 /* Build configuration list for PBXNativeTarget "IMC" */;
			buildPhases = (
				F3E25DA5286787880045CBD5 /* Sources */,
				F3E25DA6286787880045CBD5 /* Frameworks */,
				F3E25DA7286787880045CBD5 /* Resources */,
			);
			buildRules = (
			);
			dependencies = (
			);
			name = IMC;
			productName = IMC;
			productReference = F3E25DA9286787880045CBD5 /* IMC.app */;
			productType = "com.apple.product-type.application";
		};
		F3E25DBE2867878A0045CBD5 /* IMCTests */ = {
			isa = PBXNativeTarget;
			buildConfigurationList = F3E25DD62867878A0045CBD5 /* Build configuration list for PBXNativeTarget "IMCTests" */;
			buildPhases = (
				F3E25DBB2867878A0045CBD5 /* Sources */,
				F3E25DBC2867878A0045CBD5 /* Frameworks */,
				F3E25DBD2867878A0045CBD5 /* Resources */,
			);
			buildRules = (
			);
			dependencies = (
				F3E25DC12867878A0045CBD5 /* PBXTargetDependency */,
			);
			name = IMCTests;
			productName = IMCTests;
			productReference = F3E25DBF2867878A0045CBD5 /* IMCTests.xctest */;
			productType = "com.apple.product-type.bundle.unit-test";
		};
		F3E25DC82867878A0045CBD5 /* IMCUITests */ = {
			isa = PBXNativeTarget;
			buildConfigurationList = F3E25DD92867878A0045CBD5 /* Build configuration list for PBXNativeTarget "IMCUITests" */;
			buildPhases = (
				F3E25DC52867878A0045CBD5 /* Sources */,
				F3E25DC62867878A0045CBD5 /* Frameworks */,
				F3E25DC72867878A0045CBD5 /* Resources */,
			);
			buildRules = (
			);
			dependencies = (
				F3E25DCB2867878A0045CBD5 /* PBXTargetDependency */,
			);
			name = IMCUITests;
			productName = IMCUITests;
			productReference = F3E25DC92867878A0045CBD5 /* IMCUITests.xctest */;
			productType = "com.apple.product-type.bundle.ui-testing";
		};
/* End PBXNativeTarget section */

/* Begin PBXProject section */
		F3E25DA1286787880045CBD5 /* Project object */ = {
			isa = PBXProject;
			attributes = {
				BuildIndependentTargetsInParallel = 1;
				LastSwiftUpdateCheck = 1340;
				LastUpgradeCheck = 1340;
				TargetAttributes = {
					F3E25DA8286787880045CBD5 = {
						CreatedOnToolsVersion = 13.4.1;
					};
					F3E25DBE2867878A0045CBD5 = {
						CreatedOnToolsVersion = 13.4.1;
						TestTargetID = F3E25DA8286787880045CBD5;
					};
					F3E25DC82867878A0045CBD5 = {
						CreatedOnToolsVersion = 13.4.1;
						TestTargetID = F3E25DA8286787880045CBD5;
					};
				};
			};
			buildConfigurationList = F3E25DA4286787880045CBD5 /* Build configuration list for PBXProject "IMC" */;
			compatibilityVersion = "Xcode 13.0";
			developmentRegion = en;
			hasScannedForEncodings = 0;
			knownRegions = (
				en,
				Base,
			);
			mainGroup = F3E25DA0286787880045CBD5;
			productRefGroup = F3E25DAA286787880045CBD5 /* Products */;
			projectDirPath = "";
			projectRoot = "";
			targets = (
				F3E25DA8286787880045CBD5 /* IMC */,
				F3E25DBE2867878A0045CBD5 /* IMCTests */,
				F3E25DC82867878A0045CBD5 /* IMCUITests */,
			);
		};
/* End PBXProject section */

/* Begin PBXResourcesBuildPhase section */
		F3E25DA7286787880045CBD5 /* Resources */ = {
			isa = PBXResourcesBuildPhase;
			buildActionMask = 2147483647;
			files = (
				F3E25DB92867878A0045CBD5 /* LaunchScreen.storyboard in Resources */,
				F3E25DB62867878A0045CBD5 /* Assets.xcassets in Resources */,
				F3E25DB4286787880045CBD5 /* Main.storyboard in Resources */,
			);
			runOnlyForDeploymentPostprocessing = 0;
		};
		F3E25DBD2867878A0045CBD5 /* Resources */ = {
			isa = PBXResourcesBuildPhase;
			buildActionMask = 2147483647;
			files = (
			);
			runOnlyForDeploymentPostprocessing = 0;
		};
		F3E25DC72867878A0045CBD5 /* Resources */ = {
			isa = PBXResourcesBuildPhase;
			buildActionMask = 2147483647;
			files = (
			);
			runOnlyForDeploymentPostprocessing = 0;
		};
/* End PBXResourcesBuildPhase section */

/* Begin PBXSourcesBuildPhase section */
		F3E25DA5286787880045CBD5 /* Sources */ = {
			isa = PBXSourcesBuildPhase;
			buildActionMask = 2147483647;
			files = (
				F3E25DB1286787880045CBD5 /* ViewController.swift in Sources */,
				F3E25DAD286787880045CBD5 /* AppDelegate.swift in Sources */,
				F3E25DAF286787880045CBD5 /* SceneDelegate.swift in Sources */,
			);
			runOnlyForDeploymentPostprocessing = 0;
		};
		F3E25DBB2867878A0045CBD5 /* Sources */ = {
			isa = PBXSourcesBuildPhase;
			buildActionMask = 2147483647;
			files = (
				F3E25DC42867878A0045CBD5 /* IMCTests.swift in Sources */,
			);
			runOnlyForDeploymentPostprocessing = 0;
		};
		F3E25DC52867878A0045CBD5 /* Sources */ = {
			isa = PBXSourcesBuildPhase;
			buildActionMask = 2147483647;
			files = (
				F3E25DD02867878A0045CBD5 /* IMCUITestsLaunchTests.swift in Sources */,
				F3E25DCE2867878A0045CBD5 /* IMCUITests.swift in Sources */,
			);
			runOnlyForDeploymentPostprocessing = 0;
		};
/* End PBXSourcesBuildPhase section */

/* Begin PBXTargetDependency section */
		F3E25DC12867878A0045CBD5 /* PBXTargetDependency */ = {
			isa = PBXTargetDependency;
			target = F3E25DA8286787880045CBD5 /* IMC */;
			targetProxy = F3E25DC02867878A0045CBD5 /* PBXContainerItemProxy */;
		};
		F3E25DCB2867878A0045CBD5 /* PBXTargetDependency */ = {
			isa = PBXTargetDependency;
			target = F3E25DA8286787880045CBD5 /* IMC */;
			targetProxy = F3E25DCA2867878A0045CBD5 /* PBXContainerItemProxy */;
		};
/* End PBXTargetDependency section */

/* Begin PBXVariantGroup section */
		F3E25DB2286787880045CBD5 /* Main.storyboard */ = {
			isa = PBXVariantGroup;
			children = (
				F3E25DB3286787880045CBD5 /* Base */,
			);
			name = Main.storyboard;
			sourceTree = "<group>";
		};
		F3E25DB72867878A0045CBD5 /* LaunchScreen.storyboard */ = {
			isa = PBXVariantGroup;
			children = (
				F3E25DB82867878A0045CBD5 /* Base */,
			);
			name = LaunchScreen.storyboard;
			sourceTree = "<group>";
		};
/* End PBXVariantGroup section */

/* Begin XCBuildConfiguration section */
		F3E25DD12867878A0045CBD5 /* Debug */ = {
			isa = XCBuildConfiguration;
			buildSettings = {
				ALWAYS_SEARCH_USER_PATHS = NO;
				CLANG_ANALYZER_NONNULL = YES;
				CLANG_ANALYZER_NUMBER_OBJECT_CONVERSION = YES_AGGRESSIVE;
				CLANG_CXX_LANGUAGE_STANDARD = "gnu++17";
				CLANG_ENABLE_MODULES = YES;
				CLANG_ENABLE_OBJC_ARC = YES;
				CLANG_ENABLE_OBJC_WEAK = YES;
				CLANG_WARN_BLOCK_CAPTURE_AUTORELEASING = YES;
				CLANG_WARN_BOOL_CONVERSION = YES;
				CLANG_WARN_COMMA = YES;
				CLANG_WARN_CONSTANT_CONVERSION = YES;
				CLANG_WARN_DEPRECATED_OBJC_IMPLEMENTATIONS = YES;
				CLANG_WARN_DIRECT_OBJC_ISA_USAGE = YES_ERROR;
				CLANG_WARN_DOCUMENTATION_COMMENTS = YES;
				CLANG_WARN_EMPTY_BODY = YES;
				CLANG_WARN_ENUM_CONVERSION = YES;
				CLANG_WARN_INFINITE_RECURSION = YES;
				CLANG_WARN_INT_CONVERSION = YES;
				CLANG_WARN_NON_LITERAL_NULL_CONVERSION = YES;
				CLANG_WARN_OBJC_IMPLICIT_RETAIN_SELF = YES;
				CLANG_WARN_OBJC_LITERAL_CONVERSION = YES;
				CLANG_WARN_OBJC_ROOT_CLASS = YES_ERROR;
				CLANG_WARN_QUOTED_INCLUDE_IN_FRAMEWORK_HEADER = YES;
				CLANG_WARN_RANGE_LOOP_ANALYSIS = YES;
				CLANG_WARN_STRICT_PROTOTYPES = YES;
				CLANG_WARN_SUSPICIOUS_MOVE = YES;
				CLANG_WARN_UNGUARDED_AVAILABILITY = YES_AGGRESSIVE;
				CLANG_WARN_UNREACHABLE_CODE = YES;
				CLANG_WARN__DUPLICATE_METHOD_MATCH = YES;
				COPY_PHASE_STRIP = NO;
				DEBUG_INFORMATION_FORMAT = dwarf;
				ENABLE_STRICT_OBJC_MSGSEND = YES;
				ENABLE_TESTABILITY = YES;
				GCC_C_LANGUAGE_STANDARD = gnu11;
				GCC_DYNAMIC_NO_PIC = NO;
				GCC_NO_COMMON_BLOCKS = YES;
				GCC_OPTIMIZATION_LEVEL = 0;
				GCC_PREPROCESSOR_DEFINITIONS = (
					"DEBUG=1",
					"$(inherited)",
				);
				GCC_WARN_64_TO_32_BIT_CONVERSION = YES;
				GCC_WARN_ABOUT_RETURN_TYPE = YES_ERROR;
				GCC_WARN_UNDECLARED_SELECTOR = YES;
				GCC_WARN_UNINITIALIZED_AUTOS = YES_AGGRESSIVE;
				GCC_WARN_UNUSED_FUNCTION = YES;
				GCC_WARN_UNUSED_VARIABLE = YES;
				IPHONEOS_DEPLOYMENT_TARGET = 15.5;
				MTL_ENABLE_DEBUG_INFO = INCLUDE_SOURCE;
				MTL_FAST_MATH = YES;
				ONLY_ACTIVE_ARCH = YES;
				SDKROOT = iphoneos;
				SWIFT_ACTIVE_COMPILATION_CONDITIONS = DEBUG;
				SWIFT_OPTIMIZATION_LEVEL = "-Onone";
			};
			name = Debug;
		};
		F3E25DD22867878A0045CBD5 /* Release */ = {
			isa = XCBuildConfiguration;
			buildSettings = {
				ALWAYS_SEARCH_USER_PATHS = NO;
				CLANG_ANALYZER_NONNULL = YES;
				CLANG_ANALYZER_NUMBER_OBJECT_CONVERSION = YES_AGGRESSIVE;
				CLANG_CXX_LANGUAGE_STANDARD = "gnu++17";
				CLANG_ENABLE_MODULES = YES;
				CLANG_ENABLE_OBJC_ARC = YES;
				CLANG_ENABLE_OBJC_WEAK = YES;
				CLANG_WARN_BLOCK_CAPTURE_AUTORELEASING = YES;
				CLANG_WARN_BOOL_CONVERSION = YES;
				CLANG_WARN_COMMA = YES;
				CLANG_WARN_CONSTANT_CONVERSION = YES;
				CLANG_WARN_DEPRECATED_OBJC_IMPLEMENTATIONS = YES;
				CLANG_WARN_DIRECT_OBJC_ISA_USAGE = YES_ERROR;
				CLANG_WARN_DOCUMENTATION_COMMENTS = YES;
				CLANG_WARN_EMPTY_BODY = YES;
				CLANG_WARN_ENUM_CONVERSION = YES;
				CLANG_WARN_INFINITE_RECURSION = YES;
				CLANG_WARN_INT_CONVERSION = YES;
				CLANG_WARN_NON_LITERAL_NULL_CONVERSION = YES;
				CLANG_WARN_OBJC_IMPLICIT_RETAIN_SELF = YES;
				CLANG_WARN_OBJC_LITERAL_CONVERSION = YES;
				CLANG_WARN_OBJC_ROOT_CLASS = YES_ERROR;
				CLANG_WARN_QUOTED_INCLUDE_IN_FRAMEWORK_HEADER = YES;
				CLANG_WARN_RANGE_LOOP_ANALYSIS = YES;
				CLANG_WARN_STRICT_PROTOTYPES = YES;
				CLANG_WARN_SUSPICIOUS_MOVE = YES;
				CLANG_WARN_UNGUARDED_AVAILABILITY = YES_AGGRESSIVE;
				CLANG_WARN_UNREACHABLE_CODE = YES;
				CLANG_WARN__DUPLICATE_METHOD_MATCH = YES;
				COPY_PHASE_STRIP = NO;
				DEBUG_INFORMATION_FORMAT = "dwarf-with-dsym";
				ENABLE_NS_ASSERTIONS = NO;
				ENABLE_STRICT_OBJC_MSGSEND = YES;
				GCC_C_LANGUAGE_STANDARD = gnu11;
				GCC_NO_COMMON_BLOCKS = YES;
				GCC_WARN_64_TO_32_BIT_CONVERSION = YES;
				GCC_WARN_ABOUT_RETURN_TYPE = YES_ERROR;
				GCC_WARN_UNDECLARED_SELECTOR = YES;
				GCC_WARN_UNINITIALIZED_AUTOS = YES_AGGRESSIVE;
				GCC_WARN_UNUSED_FUNCTION = YES;
				GCC_WARN_UNUSED_VARIABLE = YES;
				IPHONEOS_DEPLOYMENT_TARGET = 15.5;
				MTL_ENABLE_DEBUG_INFO = NO;
				MTL_FAST_MATH = YES;
				SDKROOT = iphoneos;
				SWIFT_COMPILATION_MODE = wholemodule;
				SWIFT_OPTIMIZATION_LEVEL = "-O";
				VALIDATE_PRODUCT = YES;
			};
			name = Release;
		};
		F3E25DD42867878A0045CBD5 /* Debug */ = {
			isa = XCBuildConfiguration;
			buildSettings = {
				ASSETCATALOG_COMPILER_APPICON_NAME = AppIcon;
				ASSETCATALOG_COMPILER_GLOBAL_ACCENT_COLOR_NAME = AccentColor;
				CODE_SIGN_STYLE = Automatic;
				CURRENT_PROJECT_VERSION = 1;
				DEVELOPMENT_TEAM = Q2URWL77F3;
				GENERATE_INFOPLIST_FILE = YES;
				INFOPLIST_FILE = IMC/Info.plist;
				INFOPLIST_KEY_UIApplicationSupportsIndirectInputEvents = YES;
				INFOPLIST_KEY_UILaunchStoryboardName = LaunchScreen;
				INFOPLIST_KEY_UIMainStoryboardFile = Main;
				INFOPLIST_KEY_UISupportedInterfaceOrientations_iPad = "UIInterfaceOrientationPortrait UIInterfaceOrientationPortraitUpsideDown UIInterfaceOrientationLandscapeLeft UIInterfaceOrientationLandscapeRight";
				INFOPLIST_KEY_UISupportedInterfaceOrientations_iPhone = "UIInterfaceOrientationPortrait UIInterfaceOrientationLandscapeLeft UIInterfaceOrientationLandscapeRight";
				LD_RUNPATH_SEARCH_PATHS = (
					"$(inherited)",
					"@executable_path/Frameworks",
				);
				MARKETING_VERSION = 1.0;
				PRODUCT_BUNDLE_IDENTIFIER = com.jvictorc.course.IMC;
				PRODUCT_NAME = "$(TARGET_NAME)";
				SWIFT_EMIT_LOC_STRINGS = YES;
				SWIFT_VERSION = 5.0;
				TARGETED_DEVICE_FAMILY = "1,2";
			};
			name = Debug;
		};
		F3E25DD52867878A0045CBD5 /* Release */ = {
			isa = XCBuildConfiguration;
			buildSettings = {
				ASSETCATALOG_COMPILER_APPICON_NAME = AppIcon;
				ASSETCATALOG_COMPILER_GLOBAL_ACCENT_COLOR_NAME = AccentColor;
				CODE_SIGN_STYLE = Automatic;
				CURRENT_PROJECT_VERSION = 1;
				DEVELOPMENT_TEAM = Q2URWL77F3;
				GENERATE_INFOPLIST_FILE = YES;
				INFOPLIST_FILE = IMC/Info.plist;
				INFOPLIST_KEY_UIApplicationSupportsIndirectInputEvents = YES;
				INFOPLIST_KEY_UILaunchStoryboardName = LaunchScreen;
				INFOPLIST_KEY_UIMainStoryboardFile = Main;
				INFOPLIST_KEY_UISupportedInterfaceOrientations_iPad = "UIInterfaceOrientationPortrait UIInterfaceOrientationPortraitUpsideDown UIInterfaceOrientationLandscapeLeft UIInterfaceOrientationLandscapeRight";
				INFOPLIST_KEY_UISupportedInterfaceOrientations_iPhone = "UIInterfaceOrientationPortrait UIInterfaceOrientationLandscapeLeft UIInterfaceOrientationLandscapeRight";
				LD_RUNPATH_SEARCH_PATHS = (
					"$(inherited)",
					"@executable_path/Frameworks",
				);
				MARKETING_VERSION = 1.0;
				PRODUCT_BUNDLE_IDENTIFIER = com.jvictorc.course.IMC;
				PRODUCT_NAME = "$(TARGET_NAME)";
				SWIFT_EMIT_LOC_STRINGS = YES;
				SWIFT_VERSION = 5.0;
				TARGETED_DEVICE_FAMILY = "1,2";
			};
			name = Release;
		};
		F3E25DD72867878A0045CBD5 /* Debug */ = {
			isa = XCBuildConfiguration;
			buildSettings = {
				ALWAYS_EMBED_SWIFT_STANDARD_LIBRARIES = YES;
				BUNDLE_LOADER = "$(TEST_HOST)";
				CODE_SIGN_STYLE = Automatic;
				CURRENT_PROJECT_VERSION = 1;
				DEVELOPMENT_TEAM = Q2URWL77F3;
				GENERATE_INFOPLIST_FILE = YES;
				IPHONEOS_DEPLOYMENT_TARGET = 15.5;
				MARKETING_VERSION = 1.0;
				PRODUCT_BUNDLE_IDENTIFIER = com.jvictorc.course.IMCTests;
				PRODUCT_NAME = "$(TARGET_NAME)";
				SWIFT_EMIT_LOC_STRINGS = NO;
				SWIFT_VERSION = 5.0;
				TARGETED_DEVICE_FAMILY = "1,2";
				TEST_HOST = "$(BUILT_PRODUCTS_DIR)/IMC.app/IMC";
			};
			name = Debug;
		};
		F3E25DD82867878A0045CBD5 /* Release */ = {
			isa = XCBuildConfiguration;
			buildSettings = {
				ALWAYS_EMBED_SWIFT_STANDARD_LIBRARIES = YES;
				BUNDLE_LOADER = "$(TEST_HOST)";
				CODE_SIGN_STYLE = Automatic;
				CURRENT_PROJECT_VERSION = 1;
				DEVELOPMENT_TEAM = Q2URWL77F3;
				GENERATE_INFOPLIST_FILE = YES;
				IPHONEOS_DEPLOYMENT_TARGET = 15.5;
				MARKETING_VERSION = 1.0;
				PRODUCT_BUNDLE_IDENTIFIER = com.jvictorc.course.IMCTests;
				PRODUCT_NAME = "$(TARGET_NAME)";
				SWIFT_EMIT_LOC_STRINGS = NO;
				SWIFT_VERSION = 5.0;
				TARGETED_DEVICE_FAMILY = "1,2";
				TEST_HOST = "$(BUILT_PRODUCTS_DIR)/IMC.app/IMC";
			};
			name = Release;
		};
		F3E25DDA2867878A0045CBD5 /* Debug */ = {
			isa = XCBuildConfiguration;
			buildSettings = {
				ALWAYS_EMBED_SWIFT_STANDARD_LIBRARIES = YES;
				CODE_SIGN_STYLE = Automatic;
				CURRENT_PROJECT_VERSION = 1;
				DEVELOPMENT_TEAM = Q2URWL77F3;
				GENERATE_INFOPLIST_FILE = YES;
				MARKETING_VERSION = 1.0;
				PRODUCT_BUNDLE_IDENTIFIER = com.jvictorc.course.IMCUITests;
				PRODUCT_NAME = "$(TARGET_NAME)";
				SWIFT_EMIT_LOC_STRINGS = NO;
				SWIFT_VERSION = 5.0;
				TARGETED_DEVICE_FAMILY = "1,2";
				TEST_TARGET_NAME = IMC;
			};
			name = Debug;
		};
		F3E25DDB2867878A0045CBD5 /* Release */ = {
			isa = XCBuildConfiguration;
			buildSettings = {
				ALWAYS_EMBED_SWIFT_STANDARD_LIBRARIES = YES;
				CODE_SIGN_STYLE = Automatic;
				CURRENT_PROJECT_VERSION = 1;
				DEVELOPMENT_TEAM = Q2URWL77F3;
				GENERATE_INFOPLIST_FILE = YES;
				MARKETING_VERSION = 1.0;
				PRODUCT_BUNDLE_IDENTIFIER = com.jvictorc.course.IMCUITests;
				PRODUCT_NAME = "$(TARGET_NAME)";
				SWIFT_EMIT_LOC_STRINGS = NO;
				SWIFT_VERSION = 5.0;
				TARGETED_DEVICE_FAMILY = "1,2";
				TEST_TARGET_NAME = IMC;
			};
			name = Release;
		};
/* End XCBuildConfiguration section */

/* Begin XCConfigurationList section */
		F3E25DA4286787880045CBD5 /* Build configuration list for PBXProject "IMC" */ = {
			isa = XCConfigurationList;
			buildConfigurations = (
				F3E25DD12867878A0045CBD5 /* Debug */,
				F3E25DD22867878A0045CBD5 /* Release */,
			);
			defaultConfigurationIsVisible = 0;
			defaultConfigurationName = Release;
		};
		F3E25DD32867878A0045CBD5 /* Build configuration list for PBXNativeTarget "IMC" */ = {
			isa = XCConfigurationList;
			buildConfigurations = (
				F3E25DD42867878A0045CBD5 /* Debug */,
				F3E25DD52867878A0045CBD5 /* Release */,
			);
			defaultConfigurationIsVisible = 0;
			defaultConfigurationName = Release;
		};
		F3E25DD62867878A0045CBD5 /* Build configuration list for PBXNativeTarget "IMCTests" */ = {
			isa = XCConfigurationList;
			buildConfigurations = (
				F3E25DD72867878A0045CBD5 /* Debug */,
				F3E25DD82867878A0045CBD5 /* Release */,
			);
			defaultConfigurationIsVisible = 0;
			defaultConfigurationName = Release;
		};
		F3E25DD92867878A0045CBD5 /* Build configuration list for PBXNativeTarget "IMCUITests" */ = {
			isa = XCConfigurationList;
			buildConfigurations = (
				F3E25DDA2867878A0045CBD5 /* Debug */,
				F3E25DDB2867878A0045CBD5 /* Release */,
			);
			defaultConfigurationIsVisible = 0;
			defaultConfigurationName = Release;
		};
/* End XCConfigurationList section */
	};
	rootObject = F3E25DA1286787880045CBD5 /* Project object */;
}
